
Microsoft Visual Studio Solution File, Format Version 12.00
# Visual Studio Version 17
VisualStudioVersion = 17.5.33530.505
MinimumVisualStudioVersion = 10.0.40219.1
Project("{FAE04EC0-301F-11D3-BF4B-00C04F79EFBC}") = "Laboratorio-06", "Laboratorio-06\Laboratorio-06.csproj", "{FE96F123-D722-4983-ADBB-EDE71C210F60}"
EndProject
Project("{FAE04EC0-301F-11D3-BF4B-00C04F79EFBC}") = "Datos", "Datos\Datos.csproj", "{9AE17E05-FD68-4E5C-A278-6D34178D127F}"
EndProject
Project("{FAE04EC0-301F-11D3-BF4B-00C04F79EFBC}") = "Entidad", "Entidad\Entidad.csproj", "{8F053A88-94B5-449F-B0D4-EBBAC289A617}"
EndProject
Project("{FAE04EC0-301F-11D3-BF4B-00C04F79EFBC}") = "Negocio", "Negocio\Negocio.csproj", "{FBAAB1A7-FA93-489F-8CAB-C34C31E93611}"
EndProject
Global
	GlobalSection(SolutionConfigurationPlatforms) = preSolution
		Debug|Any CPU = Debug|Any CPU
		Release|Any CPU = Release|Any CPU
	EndGlobalSection
	GlobalSection(ProjectConfigurationPlatforms) = postSolution
		{FE96F123-D722-4983-ADBB-EDE71C210F60}.Debug|Any CPU.ActiveCfg = Debug|Any CPU
		{FE96F123-D722-4983-ADBB-EDE71C210F60}.Debug|Any CPU.Build.0 = Debug|Any CPU
		{FE96F123-D722-4983-ADBB-EDE71C210F60}.Release|Any CPU.ActiveCfg = Release|Any CPU
		{FE96F123-D722-4983-ADBB-EDE71C210F60}.Release|Any CPU.Build.0 = Release|Any CPU
		{9AE17E05-FD68-4E5C-A278-6D34178D127F}.Debug|Any CPU.ActiveCfg = Debug|Any CPU
		{9AE17E05-FD68-4E5C-A278-6D34178D127F}.Debug|Any CPU.Build.0 = Debug|Any CPU
		{9AE17E05-FD68-4E5C-A278-6D34178D127F}.Release|Any CPU.ActiveCfg = Release|Any CPU
		{9AE17E05-FD68-4E5C-A278-6D34178D127F}.Release|Any CPU.Build.0 = Release|Any CPU
		{8F053A88-94B5-449F-B0D4-EBBAC289A617}.Debug|Any CPU.ActiveCfg = Debug|Any CPU
		{8F053A88-94B5-449F-B0D4-EBBAC289A617}.Debug|Any CPU.Build.0 = Debug|Any CPU
		{8F053A88-94B5-449F-B0D4-EBBAC289A617}.Release|Any CPU.ActiveCfg = Release|Any CPU
		{8F053A88-94B5-449F-B0D4-EBBAC289A617}.Release|Any CPU.Build.0 = Release|Any CPU
		{FBAAB1A7-FA93-489F-8CAB-C34C31E93611}.Debug|Any CPU.ActiveCfg = Debug|Any CPU
		{FBAAB1A7-FA93-489F-8CAB-C34C31E93611}.Debug|Any CPU.Build.0 = Debug|Any CPU
		{FBAAB1A7-FA93-489F-8CAB-C34C31E93611}.Release|Any CPU.ActiveCfg = Release|Any CPU
		{FBAAB1A7-FA93-489F-8CAB-C34C31E93611}.Release|Any CPU.Build.0 = Release|Any CPU
	EndGlobalSection
	GlobalSection(SolutionProperties) = preSolution
		HideSolutionNode = FALSE
	EndGlobalSection
	GlobalSection(ExtensibilityGlobals) = postSolution
		SolutionGuid = {E0B20930-F8DC-4921-9034-BEE5DFB6B3CE}
	EndGlobalSection
EndGlobal
